
Microsoft Visual Studio Solution File, Format Version 12.00
# Visual Studio Version 17
VisualStudioVersion = 17.0.31903.59
MinimumVisualStudioVersion = 10.0.40219.1
Project("{2150E333-8FDC-42A3-9474-1A3956D46DE8}") = "API", "API", "{9F99FCD0-3DCB-474F-8735-498788DA517A}"
EndProject
Project("{FAE04EC0-301F-11D3-BF4B-00C04F79EFBC}") = "JetGo.API", "API\JetGo.API\JetGo.API.csproj", "{FE86330F-5CFB-4EEF-AD74-356F630F69C3}"
EndProject
Project("{FAE04EC0-301F-11D3-BF4B-00C04F79EFBC}") = "JetGo.Domain", "API\JetGo.Domain\JetGo.Domain.csproj", "{F8274D11-3FA3-47F6-A9AA-1A53DBBD5780}"
EndProject
Project("{FAE04EC0-301F-11D3-BF4B-00C04F79EFBC}") = "JetGo.Application", "API\JetGo.Application\JetGo.Application.csproj", "{09298743-B46A-4D5A-BE43-19E9AFE22EB6}"
EndProject
Project("{FAE04EC0-301F-11D3-BF4B-00C04F79EFBC}") = "JetGo.Infrastructure", "API\JetGo.Infrastructure\JetGo.Infrastructure.csproj", "{022A6674-3ACE-417D-9599-C59AFC83D058}"
EndProject
Project("{2150E333-8FDC-42A3-9474-1A3956D46DE8}") = "Worker", "Worker", "{5E0B1E3D-8A65-4CE8-964A-0894C0D6C342}"
EndProject
Project("{FAE04EC0-301F-11D3-BF4B-00C04F79EFBC}") = "JetGo.Worker", "Worker\JetGo.Worker\JetGo.Worker.csproj", "{381BE4DA-196D-49EE-A0B4-EFB0F01D2BCA}"
EndProject
Global
	GlobalSection(SolutionConfigurationPlatforms) = preSolution
		Debug|Any CPU = Debug|Any CPU
		Release|Any CPU = Release|Any CPU
	EndGlobalSection
	GlobalSection(SolutionProperties) = preSolution
		HideSolutionNode = FALSE
	EndGlobalSection
	GlobalSection(ProjectConfigurationPlatforms) = postSolution
		{FE86330F-5CFB-4EEF-AD74-356F630F69C3}.Debug|Any CPU.ActiveCfg = Debug|Any CPU
		{FE86330F-5CFB-4EEF-AD74-356F630F69C3}.Debug|Any CPU.Build.0 = Debug|Any CPU
		{FE86330F-5CFB-4EEF-AD74-356F630F69C3}.Release|Any CPU.ActiveCfg = Release|Any CPU
		{FE86330F-5CFB-4EEF-AD74-356F630F69C3}.Release|Any CPU.Build.0 = Release|Any CPU
		{F8274D11-3FA3-47F6-A9AA-1A53DBBD5780}.Debug|Any CPU.ActiveCfg = Debug|Any CPU
		{F8274D11-3FA3-47F6-A9AA-1A53DBBD5780}.Debug|Any CPU.Build.0 = Debug|Any CPU
		{F8274D11-3FA3-47F6-A9AA-1A53DBBD5780}.Release|Any CPU.ActiveCfg = Release|Any CPU
		{F8274D11-3FA3-47F6-A9AA-1A53DBBD5780}.Release|Any CPU.Build.0 = Release|Any CPU
		{09298743-B46A-4D5A-BE43-19E9AFE22EB6}.Debug|Any CPU.ActiveCfg = Debug|Any CPU
		{09298743-B46A-4D5A-BE43-19E9AFE22EB6}.Debug|Any CPU.Build.0 = Debug|Any CPU
		{09298743-B46A-4D5A-BE43-19E9AFE22EB6}.Release|Any CPU.ActiveCfg = Release|Any CPU
		{09298743-B46A-4D5A-BE43-19E9AFE22EB6}.Release|Any CPU.Build.0 = Release|Any CPU
		{022A6674-3ACE-417D-9599-C59AFC83D058}.Debug|Any CPU.ActiveCfg = Debug|Any CPU
		{022A6674-3ACE-417D-9599-C59AFC83D058}.Debug|Any CPU.Build.0 = Debug|Any CPU
		{022A6674-3ACE-417D-9599-C59AFC83D058}.Release|Any CPU.ActiveCfg = Release|Any CPU
		{022A6674-3ACE-417D-9599-C59AFC83D058}.Release|Any CPU.Build.0 = Release|Any CPU
		{381BE4DA-196D-49EE-A0B4-EFB0F01D2BCA}.Debug|Any CPU.ActiveCfg = Debug|Any CPU
		{381BE4DA-196D-49EE-A0B4-EFB0F01D2BCA}.Debug|Any CPU.Build.0 = Debug|Any CPU
		{381BE4DA-196D-49EE-A0B4-EFB0F01D2BCA}.Release|Any CPU.ActiveCfg = Release|Any CPU
		{381BE4DA-196D-49EE-A0B4-EFB0F01D2BCA}.Release|Any CPU.Build.0 = Release|Any CPU
	EndGlobalSection
	GlobalSection(NestedProjects) = preSolution
		{FE86330F-5CFB-4EEF-AD74-356F630F69C3} = {9F99FCD0-3DCB-474F-8735-498788DA517A}
		{F8274D11-3FA3-47F6-A9AA-1A53DBBD5780} = {9F99FCD0-3DCB-474F-8735-498788DA517A}
		{09298743-B46A-4D5A-BE43-19E9AFE22EB6} = {9F99FCD0-3DCB-474F-8735-498788DA517A}
		{022A6674-3ACE-417D-9599-C59AFC83D058} = {9F99FCD0-3DCB-474F-8735-498788DA517A}
		{381BE4DA-196D-49EE-A0B4-EFB0F01D2BCA} = {5E0B1E3D-8A65-4CE8-964A-0894C0D6C342}
	EndGlobalSection
EndGlobal
